
Microsoft Visual Studio Solution File, Format Version 12.00
# Visual Studio Version 16
VisualStudioVersion = 16.0.29926.136
MinimumVisualStudioVersion = 10.0.40219.1
Project("{FAE04EC0-301F-11D3-BF4B-00C04F79EFBC}") = "Existek_WPF_Part", "C:\Users\Я\Desktop\Existek_WPF_Part\Existek_WPF_Part\Existek_WPF_Part.csproj", "{320448BA-D584-45F2-8E7C-029E80FDBA71}"
EndProject
Global
	GlobalSection(SolutionConfigurationPlatforms) = preSolution
		Debug|Any CPU = Debug|Any CPU
		Release|Any CPU = Release|Any CPU
	EndGlobalSection
	GlobalSection(ProjectConfigurationPlatforms) = postSolution
		{320448BA-D584-45F2-8E7C-029E80FDBA71}.Debug|Any CPU.ActiveCfg = Debug|Any CPU
		{320448BA-D584-45F2-8E7C-029E80FDBA71}.Debug|Any CPU.Build.0 = Debug|Any CPU
		{320448BA-D584-45F2-8E7C-029E80FDBA71}.Release|Any CPU.ActiveCfg = Release|Any CPU
		{320448BA-D584-45F2-8E7C-029E80FDBA71}.Release|Any CPU.Build.0 = Release|Any CPU
	EndGlobalSection
	GlobalSection(SolutionProperties) = preSolution
		HideSolutionNode = FALSE
	EndGlobalSection
	GlobalSection(ExtensibilityGlobals) = postSolution
		SolutionGuid = {7EDFA2F1-D534-459E-B4C8-C32D76550836}
	EndGlobalSection
EndGlobal
